
Microsoft Visual Studio Solution File, Format Version 12.00
# Visual Studio Version 16
VisualStudioVersion = 16.0.31410.357
MinimumVisualStudioVersion = 10.0.40219.1
Project("{FAE04EC0-301F-11D3-BF4B-00C04F79EFBC}") = "BackendSpayUSA.DemoKafkaLocal.Producer", "BackendSpayUSA.DemoKafkaLocal.Producer\BackendSpayUSA.DemoKafkaLocal.Producer.csproj", "{D2A59938-0922-44E6-8054-350911C1A4AD}"
EndProject
Global
	GlobalSection(SolutionConfigurationPlatforms) = preSolution
		Debug|Any CPU = Debug|Any CPU
		Release|Any CPU = Release|Any CPU
	EndGlobalSection
	GlobalSection(ProjectConfigurationPlatforms) = postSolution
		{D2A59938-0922-44E6-8054-350911C1A4AD}.Debug|Any CPU.ActiveCfg = Debug|Any CPU
		{D2A59938-0922-44E6-8054-350911C1A4AD}.Debug|Any CPU.Build.0 = Debug|Any CPU
		{D2A59938-0922-44E6-8054-350911C1A4AD}.Release|Any CPU.ActiveCfg = Release|Any CPU
		{D2A59938-0922-44E6-8054-350911C1A4AD}.Release|Any CPU.Build.0 = Release|Any CPU
	EndGlobalSection
	GlobalSection(SolutionProperties) = preSolution
		HideSolutionNode = FALSE
	EndGlobalSection
	GlobalSection(ExtensibilityGlobals) = postSolution
		SolutionGuid = {C1D62783-ADD2-431F-96C4-15DDFA8E8C42}
	EndGlobalSection
EndGlobal
